// !$*UTF8*$!
{
	archiveVersion = 1;
	classes = {
	};
	objectVersion = 55;
	objects = {

/* Begin PBXBuildFile section */
		5281EA4D289D71C2003D3463 /* CocHymnApp.swift in Sources */ = {isa = PBXBuildFile; fileRef = 5281EA3D289D71BF003D3463 /* CocHymnApp.swift */; };
		5281EA4E289D71C2003D3463 /* CocHymnApp.swift in Sources */ = {isa = PBXBuildFile; fileRef = 5281EA3D289D71BF003D3463 /* CocHymnApp.swift */; };
		5281EA4F289D71C2003D3463 /* ContentView.swift in Sources */ = {isa = PBXBuildFile; fileRef = 5281EA3E289D71BF003D3463 /* ContentView.swift */; };
		5281EA50289D71C2003D3463 /* ContentView.swift in Sources */ = {isa = PBXBuildFile; fileRef = 5281EA3E289D71BF003D3463 /* ContentView.swift */; };
		5281EA51289D71C2003D3463 /* Assets.xcassets in Resources */ = {isa = PBXBuildFile; fileRef = 5281EA3F289D71C1003D3463 /* Assets.xcassets */; };
		5281EA52289D71C2003D3463 /* Assets.xcassets in Resources */ = {isa = PBXBuildFile; fileRef = 5281EA3F289D71C1003D3463 /* Assets.xcassets */; };
		5281EA65289D76A4003D3463 /* CategoriesView.swift in Sources */ = {isa = PBXBuildFile; fileRef = 5281EA64289D76A4003D3463 /* CategoriesView.swift */; };
		5281EA66289D76A4003D3463 /* CategoriesView.swift in Sources */ = {isa = PBXBuildFile; fileRef = 5281EA64289D76A4003D3463 /* CategoriesView.swift */; };
		5281EA68289D76DA003D3463 /* HomeView.swift in Sources */ = {isa = PBXBuildFile; fileRef = 5281EA67289D76DA003D3463 /* HomeView.swift */; };
		5281EA69289D76DA003D3463 /* HomeView.swift in Sources */ = {isa = PBXBuildFile; fileRef = 5281EA67289D76DA003D3463 /* HomeView.swift */; };
		5281EA6B289D7711003D3463 /* FavoritesView.swift in Sources */ = {isa = PBXBuildFile; fileRef = 5281EA6A289D7711003D3463 /* FavoritesView.swift */; };
		5281EA6C289D7711003D3463 /* FavoritesView.swift in Sources */ = {isa = PBXBuildFile; fileRef = 5281EA6A289D7711003D3463 /* FavoritesView.swift */; };
		5281EA6E289D7720003D3463 /* SettingView.swift in Sources */ = {isa = PBXBuildFile; fileRef = 5281EA6D289D7720003D3463 /* SettingView.swift */; };
		5281EA6F289D7720003D3463 /* SettingView.swift in Sources */ = {isa = PBXBuildFile; fileRef = 5281EA6D289D7720003D3463 /* SettingView.swift */; };
		5281EA71289D78FE003D3463 /* TabBar.swift in Sources */ = {isa = PBXBuildFile; fileRef = 5281EA70289D78FE003D3463 /* TabBar.swift */; };
		5281EA72289D78FE003D3463 /* TabBar.swift in Sources */ = {isa = PBXBuildFile; fileRef = 5281EA70289D78FE003D3463 /* TabBar.swift */; };
/* End PBXBuildFile section */

/* Begin PBXFileReference section */
		5281EA3D289D71BF003D3463 /* CocHymnApp.swift */ = {isa = PBXFileReference; lastKnownFileType = sourcecode.swift; path = CocHymnApp.swift; sourceTree = "<group>"; };
		5281EA3E289D71BF003D3463 /* ContentView.swift */ = {isa = PBXFileReference; lastKnownFileType = sourcecode.swift; path = ContentView.swift; sourceTree = "<group>"; };
		5281EA3F289D71C1003D3463 /* Assets.xcassets */ = {isa = PBXFileReference; lastKnownFileType = folder.assetcatalog; path = Assets.xcassets; sourceTree = "<group>"; };
		5281EA44289D71C1003D3463 /* CocHymn.app */ = {isa = PBXFileReference; explicitFileType = wrapper.application; includeInIndex = 0; path = CocHymn.app; sourceTree = BUILT_PRODUCTS_DIR; };
		5281EA4A289D71C2003D3463 /* CocHymn.app */ = {isa = PBXFileReference; explicitFileType = wrapper.application; includeInIndex = 0; path = CocHymn.app; sourceTree = BUILT_PRODUCTS_DIR; };
		5281EA4C289D71C2003D3463 /* macOS.entitlements */ = {isa = PBXFileReference; lastKnownFileType = text.plist.entitlements; path = macOS.entitlements; sourceTree = "<group>"; };
		5281EA64289D76A4003D3463 /* CategoriesView.swift */ = {isa = PBXFileReference; lastKnownFileType = sourcecode.swift; path = CategoriesView.swift; sourceTree = "<group>"; };
		5281EA67289D76DA003D3463 /* HomeView.swift */ = {isa = PBXFileReference; lastKnownFileType = sourcecode.swift; path = HomeView.swift; sourceTree = "<group>"; };
		5281EA6A289D7711003D3463 /* FavoritesView.swift */ = {isa = PBXFileReference; lastKnownFileType = sourcecode.swift; path = FavoritesView.swift; sourceTree = "<group>"; };
		5281EA6D289D7720003D3463 /* SettingView.swift */ = {isa = PBXFileReference; lastKnownFileType = sourcecode.swift; path = SettingView.swift; sourceTree = "<group>"; };
		5281EA70289D78FE003D3463 /* TabBar.swift */ = {isa = PBXFileReference; lastKnownFileType = sourcecode.swift; path = TabBar.swift; sourceTree = "<group>"; };
/* End PBXFileReference section */

/* Begin PBXFrameworksBuildPhase section */
		5281EA41289D71C1003D3463 /* Frameworks */ = {
			isa = PBXFrameworksBuildPhase;
			buildActionMask = 2147483647;
			files = (
			);
			runOnlyForDeploymentPostprocessing = 0;
		};
		5281EA47289D71C2003D3463 /* Frameworks */ = {
			isa = PBXFrameworksBuildPhase;
			buildActionMask = 2147483647;
			files = (
			);
			runOnlyForDeploymentPostprocessing = 0;
		};
/* End PBXFrameworksBuildPhase section */

/* Begin PBXGroup section */
		5281EA37289D71BF003D3463 = {
			isa = PBXGroup;
			children = (
				5281EA3C289D71BF003D3463 /* Shared */,
				5281EA4B289D71C2003D3463 /* macOS */,
				5281EA45289D71C1003D3463 /* Products */,
			);
			sourceTree = "<group>";
		};
		5281EA3C289D71BF003D3463 /* Shared */ = {
			isa = PBXGroup;
			children = (
				5281EA3D289D71BF003D3463 /* CocHymnApp.swift */,
				5281EA5D289D73B2003D3463 /* Models */,
				5281EA5B289D7391003D3463 /* Views */,
				5281EA5C289D739D003D3463 /* ViewModels */,
				5281EA3F289D71C1003D3463 /* Assets.xcassets */,
			);
			path = Shared;
			sourceTree = "<group>";
		};
		5281EA45289D71C1003D3463 /* Products */ = {
			isa = PBXGroup;
			children = (
				5281EA44289D71C1003D3463 /* CocHymn.app */,
				5281EA4A289D71C2003D3463 /* CocHymn.app */,
			);
			name = Products;
			sourceTree = "<group>";
		};
		5281EA4B289D71C2003D3463 /* macOS */ = {
			isa = PBXGroup;
			children = (
				5281EA4C289D71C2003D3463 /* macOS.entitlements */,
			);
			path = macOS;
			sourceTree = "<group>";
		};
		5281EA5B289D7391003D3463 /* Views */ = {
			isa = PBXGroup;
			children = (
				5281EA5E289D73CF003D3463 /* Main */,
				5281EA60289D752D003D3463 /* Components */,
				5281EA5F289D73EE003D3463 /* Details */,
			);
			path = Views;
			sourceTree = "<group>";
		};
		5281EA5C289D739D003D3463 /* ViewModels */ = {
			isa = PBXGroup;
			children = (
			);
			path = ViewModels;
			sourceTree = "<group>";
		};
		5281EA5D289D73B2003D3463 /* Models */ = {
			isa = PBXGroup;
			children = (
			);
			path = Models;
			sourceTree = "<group>";
		};
		5281EA5E289D73CF003D3463 /* Main */ = {
			isa = PBXGroup;
			children = (
				5281EA3E289D71BF003D3463 /* ContentView.swift */,
				5281EA70289D78FE003D3463 /* TabBar.swift */,
				5281EA67289D76DA003D3463 /* HomeView.swift */,
				5281EA64289D76A4003D3463 /* CategoriesView.swift */,
				5281EA6A289D7711003D3463 /* FavoritesView.swift */,
				5281EA6D289D7720003D3463 /* SettingView.swift */,
			);
			path = Main;
			sourceTree = "<group>";
		};
		5281EA5F289D73EE003D3463 /* Details */ = {
			isa = PBXGroup;
			children = (
			);
			path = Details;
			sourceTree = "<group>";
		};
		5281EA60289D752D003D3463 /* Components */ = {
			isa = PBXGroup;
			children = (
			);
			path = Components;
			sourceTree = "<group>";
		};
/* End PBXGroup section */

/* Begin PBXNativeTarget section */
		5281EA43289D71C1003D3463 /* CocHymn (iOS) */ = {
			isa = PBXNativeTarget;
			buildConfigurationList = 5281EA55289D71C2003D3463 /* Build configuration list for PBXNativeTarget "CocHymn (iOS)" */;
			buildPhases = (
				5281EA40289D71C1003D3463 /* Sources */,
				5281EA41289D71C1003D3463 /* Frameworks */,
				5281EA42289D71C1003D3463 /* Resources */,
			);
			buildRules = (
			);
			dependencies = (
			);
			name = "CocHymn (iOS)";
			productName = "CocHymn (iOS)";
			productReference = 5281EA44289D71C1003D3463 /* CocHymn.app */;
			productType = "com.apple.product-type.application";
		};
		5281EA49289D71C2003D3463 /* CocHymn (macOS) */ = {
			isa = PBXNativeTarget;
			buildConfigurationList = 5281EA58289D71C2003D3463 /* Build configuration list for PBXNativeTarget "CocHymn (macOS)" */;
			buildPhases = (
				5281EA46289D71C2003D3463 /* Sources */,
				5281EA47289D71C2003D3463 /* Frameworks */,
				5281EA48289D71C2003D3463 /* Resources */,
			);
			buildRules = (
			);
			dependencies = (
			);
			name = "CocHymn (macOS)";
			productName = "CocHymn (macOS)";
			productReference = 5281EA4A289D71C2003D3463 /* CocHymn.app */;
			productType = "com.apple.product-type.application";
		};
/* End PBXNativeTarget section */

/* Begin PBXProject section */
		5281EA38289D71BF003D3463 /* Project object */ = {
			isa = PBXProject;
			attributes = {
				BuildIndependentTargetsInParallel = 1;
				LastSwiftUpdateCheck = 1340;
				LastUpgradeCheck = 1340;
				TargetAttributes = {
					5281EA43289D71C1003D3463 = {
						CreatedOnToolsVersion = 13.4;
					};
					5281EA49289D71C2003D3463 = {
						CreatedOnToolsVersion = 13.4;
					};
				};
			};
			buildConfigurationList = 5281EA3B289D71BF003D3463 /* Build configuration list for PBXProject "CocHymn" */;
			compatibilityVersion = "Xcode 13.0";
			developmentRegion = en;
			hasScannedForEncodings = 0;
			knownRegions = (
				en,
				Base,
			);
			mainGroup = 5281EA37289D71BF003D3463;
			productRefGroup = 5281EA45289D71C1003D3463 /* Products */;
			projectDirPath = "";
			projectRoot = "";
			targets = (
				5281EA43289D71C1003D3463 /* CocHymn (iOS) */,
				5281EA49289D71C2003D3463 /* CocHymn (macOS) */,
			);
		};
/* End PBXProject section */

/* Begin PBXResourcesBuildPhase section */
		5281EA42289D71C1003D3463 /* Resources */ = {
			isa = PBXResourcesBuildPhase;
			buildActionMask = 2147483647;
			files = (
				5281EA51289D71C2003D3463 /* Assets.xcassets in Resources */,
			);
			runOnlyForDeploymentPostprocessing = 0;
		};
		5281EA48289D71C2003D3463 /* Resources */ = {
			isa = PBXResourcesBuildPhase;
			buildActionMask = 2147483647;
			files = (
				5281EA52289D71C2003D3463 /* Assets.xcassets in Resources */,
			);
			runOnlyForDeploymentPostprocessing = 0;
		};
/* End PBXResourcesBuildPhase section */

/* Begin PBXSourcesBuildPhase section */
		5281EA40289D71C1003D3463 /* Sources */ = {
			isa = PBXSourcesBuildPhase;
			buildActionMask = 2147483647;
			files = (
				5281EA6B289D7711003D3463 /* FavoritesView.swift in Sources */,
				5281EA65289D76A4003D3463 /* CategoriesView.swift in Sources */,
				5281EA68289D76DA003D3463 /* HomeView.swift in Sources */,
				5281EA6E289D7720003D3463 /* SettingView.swift in Sources */,
				5281EA4F289D71C2003D3463 /* ContentView.swift in Sources */,
				5281EA4D289D71C2003D3463 /* CocHymnApp.swift in Sources */,
				5281EA71289D78FE003D3463 /* TabBar.swift in Sources */,
			);
			runOnlyForDeploymentPostprocessing = 0;
		};
		5281EA46289D71C2003D3463 /* Sources */ = {
			isa = PBXSourcesBuildPhase;
			buildActionMask = 2147483647;
			files = (
				5281EA6C289D7711003D3463 /* FavoritesView.swift in Sources */,
				5281EA66289D76A4003D3463 /* CategoriesView.swift in Sources */,
				5281EA69289D76DA003D3463 /* HomeView.swift in Sources */,
				5281EA6F289D7720003D3463 /* SettingView.swift in Sources */,
				5281EA50289D71C2003D3463 /* ContentView.swift in Sources */,
				5281EA4E289D71C2003D3463 /* CocHymnApp.swift in Sources */,
				5281EA72289D78FE003D3463 /* TabBar.swift in Sources */,
			);
			runOnlyForDeploymentPostprocessing = 0;
		};
/* End PBXSourcesBuildPhase section */

/* Begin XCBuildConfiguration section */
		5281EA53289D71C2003D3463 /* Debug */ = {
			isa = XCBuildConfiguration;
			buildSettings = {
				ALWAYS_SEARCH_USER_PATHS = NO;
				CLANG_ANALYZER_NONNULL = YES;
				CLANG_ANALYZER_NUMBER_OBJECT_CONVERSION = YES_AGGRESSIVE;
				CLANG_CXX_LANGUAGE_STANDARD = "gnu++17";
				CLANG_ENABLE_MODULES = YES;
				CLANG_ENABLE_OBJC_ARC = YES;
				CLANG_ENABLE_OBJC_WEAK = YES;
				CLANG_WARN_BLOCK_CAPTURE_AUTORELEASING = YES;
				CLANG_WARN_BOOL_CONVERSION = YES;
				CLANG_WARN_COMMA = YES;
				CLANG_WARN_CONSTANT_CONVERSION = YES;
				CLANG_WARN_DEPRECATED_OBJC_IMPLEMENTATIONS = YES;
				CLANG_WARN_DIRECT_OBJC_ISA_USAGE = YES_ERROR;
				CLANG_WARN_DOCUMENTATION_COMMENTS = YES;
				CLANG_WARN_EMPTY_BODY = YES;
				CLANG_WARN_ENUM_CONVERSION = YES;
				CLANG_WARN_INFINITE_RECURSION = YES;
				CLANG_WARN_INT_CONVERSION = YES;
				CLANG_WARN_NON_LITERAL_NULL_CONVERSION = YES;
				CLANG_WARN_OBJC_IMPLICIT_RETAIN_SELF = YES;
				CLANG_WARN_OBJC_LITERAL_CONVERSION = YES;
				CLANG_WARN_OBJC_ROOT_CLASS = YES_ERROR;
				CLANG_WARN_QUOTED_INCLUDE_IN_FRAMEWORK_HEADER = YES;
				CLANG_WARN_RANGE_LOOP_ANALYSIS = YES;
				CLANG_WARN_STRICT_PROTOTYPES = YES;
				CLANG_WARN_SUSPICIOUS_MOVE = YES;
				CLANG_WARN_UNGUARDED_AVAILABILITY = YES_AGGRESSIVE;
				CLANG_WARN_UNREACHABLE_CODE = YES;
				CLANG_WARN__DUPLICATE_METHOD_MATCH = YES;
				COPY_PHASE_STRIP = NO;
				DEBUG_INFORMATION_FORMAT = dwarf;
				ENABLE_STRICT_OBJC_MSGSEND = YES;
				ENABLE_TESTABILITY = YES;
				GCC_C_LANGUAGE_STANDARD = gnu11;
				GCC_DYNAMIC_NO_PIC = NO;
				GCC_NO_COMMON_BLOCKS = YES;
				GCC_OPTIMIZATION_LEVEL = 0;
				GCC_PREPROCESSOR_DEFINITIONS = (
					"DEBUG=1",
					"$(inherited)",
				);
				GCC_WARN_64_TO_32_BIT_CONVERSION = YES;
				GCC_WARN_ABOUT_RETURN_TYPE = YES_ERROR;
				GCC_WARN_UNDECLARED_SELECTOR = YES;
				GCC_WARN_UNINITIALIZED_AUTOS = YES_AGGRESSIVE;
				GCC_WARN_UNUSED_FUNCTION = YES;
				GCC_WARN_UNUSED_VARIABLE = YES;
				MTL_ENABLE_DEBUG_INFO = INCLUDE_SOURCE;
				MTL_FAST_MATH = YES;
				ONLY_ACTIVE_ARCH = YES;
				SWIFT_ACTIVE_COMPILATION_CONDITIONS = DEBUG;
				SWIFT_OPTIMIZATION_LEVEL = "-Onone";
			};
			name = Debug;
		};
		5281EA54289D71C2003D3463 /* Release */ = {
			isa = XCBuildConfiguration;
			buildSettings = {
				ALWAYS_SEARCH_USER_PATHS = NO;
				CLANG_ANALYZER_NONNULL = YES;
				CLANG_ANALYZER_NUMBER_OBJECT_CONVERSION = YES_AGGRESSIVE;
				CLANG_CXX_LANGUAGE_STANDARD = "gnu++17";
				CLANG_ENABLE_MODULES = YES;
				CLANG_ENABLE_OBJC_ARC = YES;
				CLANG_ENABLE_OBJC_WEAK = YES;
				CLANG_WARN_BLOCK_CAPTURE_AUTORELEASING = YES;
				CLANG_WARN_BOOL_CONVERSION = YES;
				CLANG_WARN_COMMA = YES;
				CLANG_WARN_CONSTANT_CONVERSION = YES;
				CLANG_WARN_DEPRECATED_OBJC_IMPLEMENTATIONS = YES;
				CLANG_WARN_DIRECT_OBJC_ISA_USAGE = YES_ERROR;
				CLANG_WARN_DOCUMENTATION_COMMENTS = YES;
				CLANG_WARN_EMPTY_BODY = YES;
				CLANG_WARN_ENUM_CONVERSION = YES;
				CLANG_WARN_INFINITE_RECURSION = YES;
				CLANG_WARN_INT_CONVERSION = YES;
				CLANG_WARN_NON_LITERAL_NULL_CONVERSION = YES;
				CLANG_WARN_OBJC_IMPLICIT_RETAIN_SELF = YES;
				CLANG_WARN_OBJC_LITERAL_CONVERSION = YES;
				CLANG_WARN_OBJC_ROOT_CLASS = YES_ERROR;
				CLANG_WARN_QUOTED_INCLUDE_IN_FRAMEWORK_HEADER = YES;
				CLANG_WARN_RANGE_LOOP_ANALYSIS = YES;
				CLANG_WARN_STRICT_PROTOTYPES = YES;
				CLANG_WARN_SUSPICIOUS_MOVE = YES;
				CLANG_WARN_UNGUARDED_AVAILABILITY = YES_AGGRESSIVE;
				CLANG_WARN_UNREACHABLE_CODE = YES;
				CLANG_WARN__DUPLICATE_METHOD_MATCH = YES;
				COPY_PHASE_STRIP = NO;
				DEBUG_INFORMATION_FORMAT = "dwarf-with-dsym";
				ENABLE_NS_ASSERTIONS = NO;
				ENABLE_STRICT_OBJC_MSGSEND = YES;
				GCC_C_LANGUAGE_STANDARD = gnu11;
				GCC_NO_COMMON_BLOCKS = YES;
				GCC_WARN_64_TO_32_BIT_CONVERSION = YES;
				GCC_WARN_ABOUT_RETURN_TYPE = YES_ERROR;
				GCC_WARN_UNDECLARED_SELECTOR = YES;
				GCC_WARN_UNINITIALIZED_AUTOS = YES_AGGRESSIVE;
				GCC_WARN_UNUSED_FUNCTION = YES;
				GCC_WARN_UNUSED_VARIABLE = YES;
				MTL_ENABLE_DEBUG_INFO = NO;
				MTL_FAST_MATH = YES;
				SWIFT_COMPILATION_MODE = wholemodule;
				SWIFT_OPTIMIZATION_LEVEL = "-O";
			};
			name = Release;
		};
		5281EA56289D71C2003D3463 /* Debug */ = {
			isa = XCBuildConfiguration;
			buildSettings = {
				ASSETCATALOG_COMPILER_APPICON_NAME = AppIcon;
				ASSETCATALOG_COMPILER_GLOBAL_ACCENT_COLOR_NAME = AccentColor;
				CODE_SIGN_STYLE = Automatic;
				CURRENT_PROJECT_VERSION = 1;
				DEVELOPMENT_TEAM = 3Z9B7W4HSX;
				ENABLE_PREVIEWS = YES;
				GENERATE_INFOPLIST_FILE = YES;
				INFOPLIST_KEY_UIApplicationSceneManifest_Generation = YES;
				INFOPLIST_KEY_UIApplicationSupportsIndirectInputEvents = YES;
				INFOPLIST_KEY_UILaunchScreen_Generation = YES;
				INFOPLIST_KEY_UISupportedInterfaceOrientations_iPad = "UIInterfaceOrientationPortrait UIInterfaceOrientationPortraitUpsideDown UIInterfaceOrientationLandscapeLeft UIInterfaceOrientationLandscapeRight";
				INFOPLIST_KEY_UISupportedInterfaceOrientations_iPhone = "UIInterfaceOrientationPortrait UIInterfaceOrientationLandscapeLeft UIInterfaceOrientationLandscapeRight";
				IPHONEOS_DEPLOYMENT_TARGET = 15.5;
				LD_RUNPATH_SEARCH_PATHS = (
					"$(inherited)",
					"@executable_path/Frameworks",
				);
				MARKETING_VERSION = 1.0;
				PRODUCT_BUNDLE_IDENTIFIER = "fetty-rapcha.CocHymn";
				PRODUCT_NAME = CocHymn;
				SDKROOT = iphoneos;
				SWIFT_EMIT_LOC_STRINGS = YES;
				SWIFT_VERSION = 5.0;
				TARGETED_DEVICE_FAMILY = "1,2";
			};
			name = Debug;
		};
		5281EA57289D71C2003D3463 /* Release */ = {
			isa = XCBuildConfiguration;
			buildSettings = {
				ASSETCATALOG_COMPILER_APPICON_NAME = AppIcon;
				ASSETCATALOG_COMPILER_GLOBAL_ACCENT_COLOR_NAME = AccentColor;
				CODE_SIGN_STYLE = Automatic;
				CURRENT_PROJECT_VERSION = 1;
				DEVELOPMENT_TEAM = 3Z9B7W4HSX;
				ENABLE_PREVIEWS = YES;
				GENERATE_INFOPLIST_FILE = YES;
				INFOPLIST_KEY_UIApplicationSceneManifest_Generation = YES;
				INFOPLIST_KEY_UIApplicationSupportsIndirectInputEvents = YES;
				INFOPLIST_KEY_UILaunchScreen_Generation = YES;
				INFOPLIST_KEY_UISupportedInterfaceOrientations_iPad = "UIInterfaceOrientationPortrait UIInterfaceOrientationPortraitUpsideDown UIInterfaceOrientationLandscapeLeft UIInterfaceOrientationLandscapeRight";
				INFOPLIST_KEY_UISupportedInterfaceOrientations_iPhone = "UIInterfaceOrientationPortrait UIInterfaceOrientationLandscapeLeft UIInterfaceOrientationLandscapeRight";
				IPHONEOS_DEPLOYMENT_TARGET = 15.5;
				LD_RUNPATH_SEARCH_PATHS = (
					"$(inherited)",
					"@executable_path/Frameworks",
				);
				MARKETING_VERSION = 1.0;
				PRODUCT_BUNDLE_IDENTIFIER = "fetty-rapcha.CocHymn";
				PRODUCT_NAME = CocHymn;
				SDKROOT = iphoneos;
				SWIFT_EMIT_LOC_STRINGS = YES;
				SWIFT_VERSION = 5.0;
				TARGETED_DEVICE_FAMILY = "1,2";
				VALIDATE_PRODUCT = YES;
			};
			name = Release;
		};
		5281EA59289D71C2003D3463 /* Debug */ = {
			isa = XCBuildConfiguration;
			buildSettings = {
				ASSETCATALOG_COMPILER_APPICON_NAME = AppIcon;
				ASSETCATALOG_COMPILER_GLOBAL_ACCENT_COLOR_NAME = AccentColor;
				CODE_SIGN_ENTITLEMENTS = macOS/macOS.entitlements;
				CODE_SIGN_STYLE = Automatic;
				COMBINE_HIDPI_IMAGES = YES;
				CURRENT_PROJECT_VERSION = 1;
				DEVELOPMENT_TEAM = 3Z9B7W4HSX;
				ENABLE_HARDENED_RUNTIME = YES;
				ENABLE_PREVIEWS = YES;
				GENERATE_INFOPLIST_FILE = YES;
				INFOPLIST_KEY_NSHumanReadableCopyright = "";
				LD_RUNPATH_SEARCH_PATHS = (
					"$(inherited)",
					"@executable_path/../Frameworks",
				);
				MACOSX_DEPLOYMENT_TARGET = 12.1;
				MARKETING_VERSION = 1.0;
				PRODUCT_BUNDLE_IDENTIFIER = "fetty-rapcha.CocHymn";
				PRODUCT_NAME = CocHymn;
				SDKROOT = macosx;
				SWIFT_EMIT_LOC_STRINGS = YES;
				SWIFT_VERSION = 5.0;
			};
			name = Debug;
		};
		5281EA5A289D71C2003D3463 /* Release */ = {
			isa = XCBuildConfiguration;
			buildSettings = {
				ASSETCATALOG_COMPILER_APPICON_NAME = AppIcon;
				ASSETCATALOG_COMPILER_GLOBAL_ACCENT_COLOR_NAME = AccentColor;
				CODE_SIGN_ENTITLEMENTS = macOS/macOS.entitlements;
				CODE_SIGN_STYLE = Automatic;
				COMBINE_HIDPI_IMAGES = YES;
				CURRENT_PROJECT_VERSION = 1;
				DEVELOPMENT_TEAM = 3Z9B7W4HSX;
				ENABLE_HARDENED_RUNTIME = YES;
				ENABLE_PREVIEWS = YES;
				GENERATE_INFOPLIST_FILE = YES;
				INFOPLIST_KEY_NSHumanReadableCopyright = "";
				LD_RUNPATH_SEARCH_PATHS = (
					"$(inherited)",
					"@executable_path/../Frameworks",
				);
				MACOSX_DEPLOYMENT_TARGET = 12.1;
				MARKETING_VERSION = 1.0;
				PRODUCT_BUNDLE_IDENTIFIER = "fetty-rapcha.CocHymn";
				PRODUCT_NAME = CocHymn;
				SDKROOT = macosx;
				SWIFT_EMIT_LOC_STRINGS = YES;
				SWIFT_VERSION = 5.0;
			};
			name = Release;
		};
/* End XCBuildConfiguration section */

/* Begin XCConfigurationList section */
		5281EA3B289D71BF003D3463 /* Build configuration list for PBXProject "CocHymn" */ = {
			isa = XCConfigurationList;
			buildConfigurations = (
				5281EA53289D71C2003D3463 /* Debug */,
				5281EA54289D71C2003D3463 /* Release */,
			);
			defaultConfigurationIsVisible = 0;
			defaultConfigurationName = Release;
		};
		5281EA55289D71C2003D3463 /* Build configuration list for PBXNativeTarget "CocHymn (iOS)" */ = {
			isa = XCConfigurationList;
			buildConfigurations = (
				5281EA56289D71C2003D3463 /* Debug */,
				5281EA57289D71C2003D3463 /* Release */,
			);
			defaultConfigurationIsVisible = 0;
			defaultConfigurationName = Release;
		};
		5281EA58289D71C2003D3463 /* Build configuration list for PBXNativeTarget "CocHymn (macOS)" */ = {
			isa = XCConfigurationList;
			buildConfigurations = (
				5281EA59289D71C2003D3463 /* Debug */,
				5281EA5A289D71C2003D3463 /* Release */,
			);
			defaultConfigurationIsVisible = 0;
			defaultConfigurationName = Release;
		};
/* End XCConfigurationList section */
	};
	rootObject = 5281EA38289D71BF003D3463 /* Project object */;
}
